{
  "originHash" : "8c1f44c9b88c0cce22a11a7b2ab642e8f755851966d4cc9695778c14392bd604",
  "pins" : [
    {
      "identity" : "grdb.swift",
      "kind" : "remoteSourceControl",
      "location" : "https://github.com/groue/GRDB.swift.git",
      "state" : {
        "revision" : "36e30a6f1ef10e4194f6af0cff90888526f0c115",
        "version" : "7.10.0"
      }
    }
  ],
  "version" : 3
}
